
Microsoft Visual Studio Solution File, Format Version 12.00
# Visual Studio Version 17
VisualStudioVersion = 17.2.32602.215
MinimumVisualStudioVersion = 10.0.40219.1
Project("{9A19103F-16F7-4668-BE54-9A1E7A4F7556}") = "DoDo.Open.AgingRole", "DoDo.Open.AgingRole\DoDo.Open.AgingRole.csproj", "{A8E6B41F-90B9-4411-A49A-F701BCBF3BF0}"
EndProject
Global
	GlobalSection(SolutionConfigurationPlatforms) = preSolution
		Debug|Any CPU = Debug|Any CPU
		Release|Any CPU = Release|Any CPU
	EndGlobalSection
	GlobalSection(ProjectConfigurationPlatforms) = postSolution
		{A8E6B41F-90B9-4411-A49A-F701BCBF3BF0}.Debug|Any CPU.ActiveCfg = Debug|Any CPU
		{A8E6B41F-90B9-4411-A49A-F701BCBF3BF0}.Debug|Any CPU.Build.0 = Debug|Any CPU
		{A8E6B41F-90B9-4411-A49A-F701BCBF3BF0}.Release|Any CPU.ActiveCfg = Release|Any CPU
		{A8E6B41F-90B9-4411-A49A-F701BCBF3BF0}.Release|Any CPU.Build.0 = Release|Any CPU
	EndGlobalSection
	GlobalSection(SolutionProperties) = preSolution
		HideSolutionNode = FALSE
	EndGlobalSection
	GlobalSection(ExtensibilityGlobals) = postSolution
		SolutionGuid = {10BFF7B6-581B-4E46-957F-D54C86B41230}
	EndGlobalSection
EndGlobal
